lockfileVersion: 5.3

specifiers:
  '@types/commander': ^2.12.2
  '@types/node': ^17.0.21
  commander: ^9.0.0

dependencies:
  commander: 9.0.0

devDependencies:
  '@types/commander': 2.12.2
  '@types/node': 17.0.21

packages:

  /@types/commander/2.12.2:
    resolution: {integrity: sha512-0QEFiR8ljcHp9bAbWxecjVRuAMr16ivPiGOw6KFQBVrVd0RQIcM3xKdRisH2EDWgVWujiYtHwhSkSUoAAGzH7Q==}
    deprecated: This is a stub types definition for commander (https://github.com/tj/commander.js). commander provides its own type definitions, so you don't need @types/commander installed!
    dependencies:
      commander: 9.0.0
    dev: true

  /@types/node/17.0.21:
    resolution: {integrity: sha512-DBZCJbhII3r90XbQxI8Y9IjjiiOGlZ0Hr32omXIZvwwZ7p4DMMXGrKXVyPfuoBOri9XNtL0UK69jYIBIsRX3QQ==}
    dev: true

  /commander/9.0.0:
    resolution: {integrity: sha512-JJfP2saEKbQqvW+FI93OYUB4ByV5cizMpFMiiJI8xDbBvQvSkIk0VvQdn1CZ8mqAO8Loq2h0gYTYtDFUZUeERw==}
    engines: {node: ^12.20.0 || >=14}
